<?xml version="1.0" encoding="UTF-8"?>
<CodeBlocks_project_file>
	<FileVersion major="1" minor="6"/>
	<Project>
		<Option title="wektor_test"/>
		<Option makefile_is_custom="1"/>
		<Option compiler="gcc"/>
		<Option virtualFolders="CMake Files\;CMake Files\..\;CMake Files\..\..\;CMake Files\..\..\..\;CMake Files\..\..\..\..\;CMake Files\..\..\..\..\..\;CMake Files\..\..\..\..\..\..\;CMake Files\..\..\..\..\..\..\usr\;CMake Files\..\..\..\..\..\..\usr\lib\;CMake Files\..\..\..\..\..\..\usr\lib\x86_64-linux-gnu\;CMake Files\..\..\..\..\..\..\usr\lib\x86_64-linux-gnu\cmake\;CMake Files\..\..\..\..\..\..\usr\lib\x86_64-linux-gnu\cmake\Qt5Core\;"/>
		<Build>
			<Target title="all">
				<Option working_dir="/home/mgromek/Pulpit/PO/Programowanie-obiektowe-vector/build-wektor_test-Desktop-Default"/>
				<Option type="4"/>
				<MakeCommands>
					<Build command="/usr/bin/ninja -v all"/>
					<CompileFile command="/usr/bin/ninja -v &quot;$file&quot;"/>
					<Clean command="/usr/bin/ninja -v clean"/>
					<DistClean command="/usr/bin/ninja -v clean"/>
				</MakeCommands>
			</Target>
			<Target title="rebuild_cache">
				<Option working_dir="/home/mgromek/Pulpit/PO/Programowanie-obiektowe-vector/build-wektor_test-Desktop-Default"/>
				<Option type="4"/>
				<MakeCommands>
					<Build command="/usr/bin/ninja -v rebuild_cache"/>
					<CompileFile command="/usr/bin/ninja -v &quot;$file&quot;"/>
					<Clean command="/usr/bin/ninja -v clean"/>
					<DistClean command="/usr/bin/ninja -v clean"/>
				</MakeCommands>
			</Target>
			<Target title="wektor_test">
				<Option output="/home/mgromek/Pulpit/PO/Programowanie-obiektowe-vector/build-wektor_test-Desktop-Default/wektor_test" prefix_auto="0" extension_auto="0"/>
				<Option working_dir="/home/mgromek/Pulpit/PO/Programowanie-obiektowe-vector/build-wektor_test-Desktop-Default"/>
				<Option object_output="./"/>
				<Option type="1"/>
				<Option compiler="gcc"/>
				<Compiler>
					<Add directory="/home/mgromek/Pulpit/PO/Programowanie-obiektowe-vector/build-wektor_test-Desktop-Default"/>
					<Add directory="/home/mgromek/Pulpit/PO/Programowanie-obiektowe-vector/wektor_test"/>
					<Add directory="/home/mgromek/Pulpit/PO/Programowanie-obiektowe-vector/build-wektor_test-Desktop-Default/wektor_test_autogen/include"/>
					<Add directory="/usr/include/c++/7"/>
					<Add directory="/usr/include/x86_64-linux-gnu/c++/7"/>
					<Add directory="/usr/include/c++/7/backward"/>
					<Add directory="/usr/lib/gcc/x86_64-linux-gnu/7/include"/>
					<Add directory="/usr/local/include"/>
					<Add directory="/usr/lib/gcc/x86_64-linux-gnu/7/include-fixed"/>
					<Add directory="/usr/include/x86_64-linux-gnu"/>
					<Add directory="/usr/include"/>
				</Compiler>
				<MakeCommands>
					<Build command="/usr/bin/ninja -v wektor_test"/>
					<CompileFile command="/usr/bin/ninja -v &quot;$file&quot;"/>
					<Clean command="/usr/bin/ninja -v clean"/>
					<DistClean command="/usr/bin/ninja -v clean"/>
				</MakeCommands>
			</Target>
			<Target title="wektor_test/fast">
				<Option output="/home/mgromek/Pulpit/PO/Programowanie-obiektowe-vector/build-wektor_test-Desktop-Default/wektor_test" prefix_auto="0" extension_auto="0"/>
				<Option working_dir="/home/mgromek/Pulpit/PO/Programowanie-obiektowe-vector/build-wektor_test-Desktop-Default"/>
				<Option object_output="./"/>
				<Option type="1"/>
				<Option compiler="gcc"/>
				<Compiler>
					<Add directory="/home/mgromek/Pulpit/PO/Programowanie-obiektowe-vector/build-wektor_test-Desktop-Default"/>
					<Add directory="/home/mgromek/Pulpit/PO/Programowanie-obiektowe-vector/wektor_test"/>
					<Add directory="/home/mgromek/Pulpit/PO/Programowanie-obiektowe-vector/build-wektor_test-Desktop-Default/wektor_test_autogen/include"/>
					<Add directory="/usr/include/c++/7"/>
					<Add directory="/usr/include/x86_64-linux-gnu/c++/7"/>
					<Add directory="/usr/include/c++/7/backward"/>
					<Add directory="/usr/lib/gcc/x86_64-linux-gnu/7/include"/>
					<Add directory="/usr/local/include"/>
					<Add directory="/usr/lib/gcc/x86_64-linux-gnu/7/include-fixed"/>
					<Add directory="/usr/include/x86_64-linux-gnu"/>
					<Add directory="/usr/include"/>
				</Compiler>
				<MakeCommands>
					<Build command="/usr/bin/ninja -v wektor_test/fast"/>
					<CompileFile command="/usr/bin/ninja -v &quot;$file&quot;"/>
					<Clean command="/usr/bin/ninja -v clean"/>
					<DistClean command="/usr/bin/ninja -v clean"/>
				</MakeCommands>
			</Target>
			<Target title="edit_cache">
				<Option working_dir="/home/mgromek/Pulpit/PO/Programowanie-obiektowe-vector/build-wektor_test-Desktop-Default"/>
				<Option type="4"/>
				<MakeCommands>
					<Build command="/usr/bin/ninja -v edit_cache"/>
					<CompileFile command="/usr/bin/ninja -v &quot;$file&quot;"/>
					<Clean command="/usr/bin/ninja -v clean"/>
					<DistClean command="/usr/bin/ninja -v clean"/>
				</MakeCommands>
			</Target>
			<Target title="wektor_test_autogen">
				<Option working_dir="/home/mgromek/Pulpit/PO/Programowanie-obiektowe-vector/build-wektor_test-Desktop-Default"/>
				<Option type="4"/>
				<MakeCommands>
					<Build command="/usr/bin/ninja -v wektor_test_autogen"/>
					<CompileFile command="/usr/bin/ninja -v &quot;$file&quot;"/>
					<Clean command="/usr/bin/ninja -v clean"/>
					<DistClean command="/usr/bin/ninja -v clean"/>
				</MakeCommands>
			</Target>
		</Build>
		<Unit filename="/home/mgromek/Pulpit/PO/Programowanie-obiektowe-vector/build-wektor_test-Desktop-Default/wektor_test_autogen/mocs_compilation.cpp">
			<Option target="wektor_test"/>
		</Unit>
		<Unit filename="/home/mgromek/Pulpit/PO/Programowanie-obiektowe-vector/wektor_test/main.cpp">
			<Option target="wektor_test"/>
		</Unit>
		<Unit filename="/home/mgromek/Pulpit/PO/Programowanie-obiektowe-vector/wektor_test/vector.cpp">
			<Option target="wektor_test"/>
		</Unit>
		<Unit filename="/home/mgromek/Pulpit/PO/Programowanie-obiektowe-vector/wektor_test/vector.h">
			<Option target="wektor_test"/>
		</Unit>
		<Unit filename="/home/mgromek/Pulpit/PO/Programowanie-obiektowe-vector/wektor_test/vector98.cpp">
			<Option target="wektor_test"/>
		</Unit>
		<Unit filename="/home/mgromek/Pulpit/PO/Programowanie-obiektowe-vector/wektor_test/vector98.h">
			<Option target="wektor_test"/>
		</Unit>
		<Unit filename="/home/mgromek/Pulpit/PO/Programowanie-obiektowe-vector/wektor_test/CMakeLists.txt">
			<Option virtualFolder="CMake Files\"/>
		</Unit>
		<Unit filename="/home/mgromek/Pulpit/PO/Programowanie-obiektowe-vector/wektor_test/../../../../../../usr/lib/x86_64-linux-gnu/cmake/Qt5Core/Qt5CoreConfig.cmake">
			<Option virtualFolder="CMake Files\..\..\..\..\..\..\usr\lib\x86_64-linux-gnu\cmake\Qt5Core\"/>
		</Unit>
		<Unit filename="/home/mgromek/Pulpit/PO/Programowanie-obiektowe-vector/wektor_test/../../../../../../usr/lib/x86_64-linux-gnu/cmake/Qt5Core/Qt5CoreConfigExtras.cmake">
			<Option virtualFolder="CMake Files\..\..\..\..\..\..\usr\lib\x86_64-linux-gnu\cmake\Qt5Core\"/>
		</Unit>
		<Unit filename="/home/mgromek/Pulpit/PO/Programowanie-obiektowe-vector/wektor_test/../../../../../../usr/lib/x86_64-linux-gnu/cmake/Qt5Core/Qt5CoreConfigExtrasMkspecDir.cmake">
			<Option virtualFolder="CMake Files\..\..\..\..\..\..\usr\lib\x86_64-linux-gnu\cmake\Qt5Core\"/>
		</Unit>
		<Unit filename="/home/mgromek/Pulpit/PO/Programowanie-obiektowe-vector/wektor_test/../../../../../../usr/lib/x86_64-linux-gnu/cmake/Qt5Core/Qt5CoreConfigVersion.cmake">
			<Option virtualFolder="CMake Files\..\..\..\..\..\..\usr\lib\x86_64-linux-gnu\cmake\Qt5Core\"/>
		</Unit>
		<Unit filename="/home/mgromek/Pulpit/PO/Programowanie-obiektowe-vector/wektor_test/../../../../../../usr/lib/x86_64-linux-gnu/cmake/Qt5Core/Qt5CoreMacros.cmake">
			<Option virtualFolder="CMake Files\..\..\..\..\..\..\usr\lib\x86_64-linux-gnu\cmake\Qt5Core\"/>
		</Unit>
	</Project>
</CodeBlocks_project_file>
